// !$*UTF8*$!
{
	archiveVersion = 1;
	classes = {
	};
	objectVersion = 56;
	objects = {

/* Begin PBXBuildFile section */
		76434C052BB2163500D98643 /* HomeView.swift in Sources */ = {isa = PBXBuildFile; fileRef = 76434C042BB2163500D98643 /* HomeView.swift */; };
		76549CE62BB31E450094810B /* ExpenseCardView.swift in Sources */ = {isa = PBXBuildFile; fileRef = 76549CE52BB31E450094810B /* ExpenseCardView.swift */; };
		76549CE82BB31E960094810B /* DateFilterView.swift in Sources */ = {isa = PBXBuildFile; fileRef = 76549CE72BB31E960094810B /* DateFilterView.swift */; };
		76549CEA2BB31F3B0094810B /* CategoryView.swift in Sources */ = {isa = PBXBuildFile; fileRef = 76549CE92BB31F3B0094810B /* CategoryView.swift */; };
		766F8DBE2BB3BE57007D3190 /* FirebaseFirestore in Frameworks */ = {isa = PBXBuildFile; productRef = 766F8DBD2BB3BE57007D3190 /* FirebaseFirestore */; };
		766F8DC02BB3BE57007D3190 /* FirebaseFirestoreSwift in Frameworks */ = {isa = PBXBuildFile; productRef = 766F8DBF2BB3BE57007D3190 /* FirebaseFirestoreSwift */; };
		766F8DC42BB3D2C6007D3190 /* UserManager.swift in Sources */ = {isa = PBXBuildFile; fileRef = 766F8DC32BB3D2C6007D3190 /* UserManager.swift */; };
		766F8DC62BB487D0007D3190 /* LoginViewModel.swift in Sources */ = {isa = PBXBuildFile; fileRef = 766F8DC52BB487D0007D3190 /* LoginViewModel.swift */; };
		766F8DCA2BB48C02007D3190 /* SignUpViewModel.swift in Sources */ = {isa = PBXBuildFile; fileRef = 766F8DC92BB48C02007D3190 /* SignUpViewModel.swift */; };
		768302C72BB3102B007AA2AC /* TabView.swift in Sources */ = {isa = PBXBuildFile; fileRef = 768302C62BB3102B007AA2AC /* TabView.swift */; };
		768302C92BB310A9007AA2AC /* Expense.swift in Sources */ = {isa = PBXBuildFile; fileRef = 768302C82BB310A9007AA2AC /* Expense.swift */; };
		768302CB2BB3110B007AA2AC /* SettingsView.swift in Sources */ = {isa = PBXBuildFile; fileRef = 768302CA2BB3110B007AA2AC /* SettingsView.swift */; };
		768302CD2BB3117C007AA2AC /* SplashScreenView.swift in Sources */ = {isa = PBXBuildFile; fileRef = 768302CC2BB3117C007AA2AC /* SplashScreenView.swift */; };
		76D9A2CB2BB2155E00908DE0 /* AddNewExpenseView.swift in Sources */ = {isa = PBXBuildFile; fileRef = 76D9A2CA2BB2155E00908DE0 /* AddNewExpenseView.swift */; };
		76F08E4D2BB2142F00E6FF0C /* AddNewEventView.swift in Sources */ = {isa = PBXBuildFile; fileRef = 76F08E4C2BB2142F00E6FF0C /* AddNewEventView.swift */; };
		76F2B68D2BB33FB0001110CC /* ExpenseView.swift in Sources */ = {isa = PBXBuildFile; fileRef = 76F2B68C2BB33FB0001110CC /* ExpenseView.swift */; };
		76F2B68F2BB34005001110CC /* AddNewPetView.swift in Sources */ = {isa = PBXBuildFile; fileRef = 76F2B68E2BB34005001110CC /* AddNewPetView.swift */; };
		76F2B6932BB34093001110CC /* DateExtensions.swift in Sources */ = {isa = PBXBuildFile; fileRef = 76F2B6922BB34093001110CC /* DateExtensions.swift */; };
		76F2B6952BB38D61001110CC /* PasswordView.swift in Sources */ = {isa = PBXBuildFile; fileRef = 76F2B6942BB38D61001110CC /* PasswordView.swift */; };
		76F2B6972BB3AC61001110CC /* ProfileView.swift in Sources */ = {isa = PBXBuildFile; fileRef = 76F2B6962BB3AC61001110CC /* ProfileView.swift */; };
		EF0C13952BAFE3E400B1CF8A /* Category.swift in Sources */ = {isa = PBXBuildFile; fileRef = EF0C138E2BAFE3E400B1CF8A /* Category.swift */; };
		EF0C13992BAFE3E400B1CF8A /* Item.swift in Sources */ = {isa = PBXBuildFile; fileRef = EF0C13922BAFE3E400B1CF8A /* Item.swift */; };
		EF35FBA72BAD2E21006E0A9E /* AuthenticationManager.swift in Sources */ = {isa = PBXBuildFile; fileRef = EF35FBA62BAD2E21006E0A9E /* AuthenticationManager.swift */; };
		EF43BC2E2BB119F800297A36 /* GoogleSignIn in Frameworks */ = {isa = PBXBuildFile; productRef = EF43BC2D2BB119F800297A36 /* GoogleSignIn */; };
		EF43BC302BB119F800297A36 /* GoogleSignInSwift in Frameworks */ = {isa = PBXBuildFile; productRef = EF43BC2F2BB119F800297A36 /* GoogleSignInSwift */; };
		EF4B9C742BAB27D100559419 /* ContentView.swift in Sources */ = {isa = PBXBuildFile; fileRef = EF4B9C6E2BAB27D100559419 /* ContentView.swift */; };
		EF4B9C752BAB27D100559419 /* LoginView.swift in Sources */ = {isa = PBXBuildFile; fileRef = EF4B9C6F2BAB27D100559419 /* LoginView.swift */; };
		EF4B9C762BAB27D100559419 /* SignUpView.swift in Sources */ = {isa = PBXBuildFile; fileRef = EF4B9C702BAB27D100559419 /* SignUpView.swift */; };
		EF5C03CC2BA9D8140076CA27 /* GoogleService-Info.plist in Resources */ = {isa = PBXBuildFile; fileRef = EF5C03CB2BA9D8140076CA27 /* GoogleService-Info.plist */; };
		EF5C03CD2BA9D8140076CA27 /* GoogleService-Info.plist in Resources */ = {isa = PBXBuildFile; fileRef = EF5C03CB2BA9D8140076CA27 /* GoogleService-Info.plist */; };
		EF5C03CE2BA9D8140076CA27 /* GoogleService-Info.plist in Resources */ = {isa = PBXBuildFile; fileRef = EF5C03CB2BA9D8140076CA27 /* GoogleService-Info.plist */; };
		EF5C03D12BA9D9720076CA27 /* FirebaseAnalytics in Frameworks */ = {isa = PBXBuildFile; productRef = EF5C03D02BA9D9720076CA27 /* FirebaseAnalytics */; };
		EF5C03D32BA9D9720076CA27 /* FirebaseAnalyticsSwift in Frameworks */ = {isa = PBXBuildFile; productRef = EF5C03D22BA9D9720076CA27 /* FirebaseAnalyticsSwift */; };
		EF5C03D62BA9F3F00076CA27 /* FirebaseAuth in Frameworks */ = {isa = PBXBuildFile; productRef = EF5C03D52BA9F3F00076CA27 /* FirebaseAuth */; };
		EF691BDA2BA49F42001C15AB /* PetimemAppApp.swift in Sources */ = {isa = PBXBuildFile; fileRef = EF691BD92BA49F42001C15AB /* PetimemAppApp.swift */; };
		EF691BE02BA49F43001C15AB /* Assets.xcassets in Resources */ = {isa = PBXBuildFile; fileRef = EF691BDF2BA49F43001C15AB /* Assets.xcassets */; };
		EF691BE32BA49F43001C15AB /* Preview Assets.xcassets in Resources */ = {isa = PBXBuildFile; fileRef = EF691BE22BA49F43001C15AB /* Preview Assets.xcassets */; };
		EF691BED2BA49F43001C15AB /* PetimemAppTests.swift in Sources */ = {isa = PBXBuildFile; fileRef = EF691BEC2BA49F43001C15AB /* PetimemAppTests.swift */; };
		EF691BF72BA49F43001C15AB /* PetimemAppUITests.swift in Sources */ = {isa = PBXBuildFile; fileRef = EF691BF62BA49F43001C15AB /* PetimemAppUITests.swift */; };
		EF691BF92BA49F43001C15AB /* PetimemAppUITestsLaunchTests.swift in Sources */ = {isa = PBXBuildFile; fileRef = EF691BF82BA49F43001C15AB /* PetimemAppUITestsLaunchTests.swift */; };
/* End PBXBuildFile section */

/* Begin PBXContainerItemProxy section */
		EF691BE92BA49F43001C15AB /* PBXContainerItemProxy */ = {
			isa = PBXContainerItemProxy;
			containerPortal = EF691BCE2BA49F42001C15AB /* Project object */;
			proxyType = 1;
			remoteGlobalIDString = EF691BD52BA49F42001C15AB;
			remoteInfo = PetimemApp;
		};
		EF691BF32BA49F43001C15AB /* PBXContainerItemProxy */ = {
			isa = PBXContainerItemProxy;
			containerPortal = EF691BCE2BA49F42001C15AB /* Project object */;
			proxyType = 1;
			remoteGlobalIDString = EF691BD52BA49F42001C15AB;
			remoteInfo = PetimemApp;
		};
/* End PBXContainerItemProxy section */

/* Begin PBXFileReference section */
		76434C042BB2163500D98643 /* HomeView.swift */ = {isa = PBXFileReference; lastKnownFileType = sourcecode.swift; path = HomeView.swift; sourceTree = "<group>"; };
		76549CE52BB31E450094810B /* ExpenseCardView.swift */ = {isa = PBXFileReference; lastKnownFileType = sourcecode.swift; path = ExpenseCardView.swift; sourceTree = "<group>"; };
		76549CE72BB31E960094810B /* DateFilterView.swift */ = {isa = PBXFileReference; lastKnownFileType = sourcecode.swift; path = DateFilterView.swift; sourceTree = "<group>"; };
		76549CE92BB31F3B0094810B /* CategoryView.swift */ = {isa = PBXFileReference; lastKnownFileType = sourcecode.swift; path = CategoryView.swift; sourceTree = "<group>"; };
		766F8DC32BB3D2C6007D3190 /* UserManager.swift */ = {isa = PBXFileReference; lastKnownFileType = sourcecode.swift; path = UserManager.swift; sourceTree = "<group>"; };
		766F8DC52BB487D0007D3190 /* LoginViewModel.swift */ = {isa = PBXFileReference; lastKnownFileType = sourcecode.swift; path = LoginViewModel.swift; sourceTree = "<group>"; };
		766F8DC92BB48C02007D3190 /* SignUpViewModel.swift */ = {isa = PBXFileReference; lastKnownFileType = sourcecode.swift; path = SignUpViewModel.swift; sourceTree = "<group>"; };
		768302C62BB3102B007AA2AC /* TabView.swift */ = {isa = PBXFileReference; lastKnownFileType = sourcecode.swift; path = TabView.swift; sourceTree = "<group>"; };
		768302C82BB310A9007AA2AC /* Expense.swift */ = {isa = PBXFileReference; lastKnownFileType = sourcecode.swift; name = Expense.swift; path = PetimemApp/model/Expense.swift; sourceTree = SOURCE_ROOT; };
		768302CA2BB3110B007AA2AC /* SettingsView.swift */ = {isa = PBXFileReference; lastKnownFileType = sourcecode.swift; path = SettingsView.swift; sourceTree = "<group>"; };
		768302CC2BB3117C007AA2AC /* SplashScreenView.swift */ = {isa = PBXFileReference; lastKnownFileType = sourcecode.swift; path = SplashScreenView.swift; sourceTree = "<group>"; };
		76D9A2CA2BB2155E00908DE0 /* AddNewExpenseView.swift */ = {isa = PBXFileReference; lastKnownFileType = sourcecode.swift; path = AddNewExpenseView.swift; sourceTree = "<group>"; };
		76F08E4C2BB2142F00E6FF0C /* AddNewEventView.swift */ = {isa = PBXFileReference; lastKnownFileType = sourcecode.swift; path = AddNewEventView.swift; sourceTree = "<group>"; };
		76F2B68C2BB33FB0001110CC /* ExpenseView.swift */ = {isa = PBXFileReference; lastKnownFileType = sourcecode.swift; path = ExpenseView.swift; sourceTree = "<group>"; };
		76F2B68E2BB34005001110CC /* AddNewPetView.swift */ = {isa = PBXFileReference; lastKnownFileType = sourcecode.swift; path = AddNewPetView.swift; sourceTree = "<group>"; };
		76F2B6922BB34093001110CC /* DateExtensions.swift */ = {isa = PBXFileReference; lastKnownFileType = sourcecode.swift; path = DateExtensions.swift; sourceTree = "<group>"; };
		76F2B6942BB38D61001110CC /* PasswordView.swift */ = {isa = PBXFileReference; lastKnownFileType = sourcecode.swift; path = PasswordView.swift; sourceTree = "<group>"; };
		76F2B6962BB3AC61001110CC /* ProfileView.swift */ = {isa = PBXFileReference; lastKnownFileType = sourcecode.swift; path = ProfileView.swift; sourceTree = "<group>"; };
		EF0C138E2BAFE3E400B1CF8A /* Category.swift */ = {isa = PBXFileReference; fileEncoding = 4; lastKnownFileType = sourcecode.swift; path = Category.swift; sourceTree = "<group>"; };
		EF0C13922BAFE3E400B1CF8A /* Item.swift */ = {isa = PBXFileReference; fileEncoding = 4; lastKnownFileType = sourcecode.swift; path = Item.swift; sourceTree = "<group>"; };
		EF35FBA62BAD2E21006E0A9E /* AuthenticationManager.swift */ = {isa = PBXFileReference; lastKnownFileType = sourcecode.swift; path = AuthenticationManager.swift; sourceTree = "<group>"; };
		EF4B9C6E2BAB27D100559419 /* ContentView.swift */ = {isa = PBXFileReference; fileEncoding = 4; lastKnownFileType = sourcecode.swift; path = ContentView.swift; sourceTree = "<group>"; };
		EF4B9C6F2BAB27D100559419 /* LoginView.swift */ = {isa = PBXFileReference; fileEncoding = 4; lastKnownFileType = sourcecode.swift; path = LoginView.swift; sourceTree = "<group>"; };
		EF4B9C702BAB27D100559419 /* SignUpView.swift */ = {isa = PBXFileReference; fileEncoding = 4; lastKnownFileType = sourcecode.swift; path = SignUpView.swift; sourceTree = "<group>"; };
		EF5C03CB2BA9D8140076CA27 /* GoogleService-Info.plist */ = {isa = PBXFileReference; fileEncoding = 4; lastKnownFileType = text.plist.xml; path = "GoogleService-Info.plist"; sourceTree = "<group>"; };
		EF691BD62BA49F42001C15AB /* PetimemApp.app */ = {isa = PBXFileReference; explicitFileType = wrapper.application; includeInIndex = 0; path = PetimemApp.app; sourceTree = BUILT_PRODUCTS_DIR; };
		EF691BD92BA49F42001C15AB /* PetimemAppApp.swift */ = {isa = PBXFileReference; lastKnownFileType = sourcecode.swift; path = PetimemAppApp.swift; sourceTree = "<group>"; };
		EF691BDF2BA49F43001C15AB /* Assets.xcassets */ = {isa = PBXFileReference; lastKnownFileType = folder.assetcatalog; path = Assets.xcassets; sourceTree = "<group>"; };
		EF691BE22BA49F43001C15AB /* Preview Assets.xcassets */ = {isa = PBXFileReference; lastKnownFileType = folder.assetcatalog; path = "Preview Assets.xcassets"; sourceTree = "<group>"; };
		EF691BE82BA49F43001C15AB /* PetimemAppTests.xctest */ = {isa = PBXFileReference; explicitFileType = wrapper.cfbundle; includeInIndex = 0; path = PetimemAppTests.xctest; sourceTree = BUILT_PRODUCTS_DIR; };
		EF691BEC2BA49F43001C15AB /* PetimemAppTests.swift */ = {isa = PBXFileReference; lastKnownFileType = sourcecode.swift; path = PetimemAppTests.swift; sourceTree = "<group>"; };
		EF691BF22BA49F43001C15AB /* PetimemAppUITests.xctest */ = {isa = PBXFileReference; explicitFileType = wrapper.cfbundle; includeInIndex = 0; path = PetimemAppUITests.xctest; sourceTree = BUILT_PRODUCTS_DIR; };
		EF691BF62BA49F43001C15AB /* PetimemAppUITests.swift */ = {isa = PBXFileReference; lastKnownFileType = sourcecode.swift; path = PetimemAppUITests.swift; sourceTree = "<group>"; };
		EF691BF82BA49F43001C15AB /* PetimemAppUITestsLaunchTests.swift */ = {isa = PBXFileReference; lastKnownFileType = sourcecode.swift; path = PetimemAppUITestsLaunchTests.swift; sourceTree = "<group>"; };
/* End PBXFileReference section */

/* Begin PBXFrameworksBuildPhase section */
		EF691BD32BA49F42001C15AB /* Frameworks */ = {
			isa = PBXFrameworksBuildPhase;
			buildActionMask = 2147483647;
			files = (
				EF43BC302BB119F800297A36 /* GoogleSignInSwift in Frameworks */,
				EF5C03D32BA9D9720076CA27 /* FirebaseAnalyticsSwift in Frameworks */,
				EF43BC2E2BB119F800297A36 /* GoogleSignIn in Frameworks */,
				766F8DC02BB3BE57007D3190 /* FirebaseFirestoreSwift in Frameworks */,
				EF5C03D62BA9F3F00076CA27 /* FirebaseAuth in Frameworks */,
				EF5C03D12BA9D9720076CA27 /* FirebaseAnalytics in Frameworks */,
				766F8DBE2BB3BE57007D3190 /* FirebaseFirestore in Frameworks */,
			);
			runOnlyForDeploymentPostprocessing = 0;
		};
		EF691BE52BA49F43001C15AB /* Frameworks */ = {
			isa = PBXFrameworksBuildPhase;
			buildActionMask = 2147483647;
			files = (
			);
			runOnlyForDeploymentPostprocessing = 0;
		};
		EF691BEF2BA49F43001C15AB /* Frameworks */ = {
			isa = PBXFrameworksBuildPhase;
			buildActionMask = 2147483647;
			files = (
			);
			runOnlyForDeploymentPostprocessing = 0;
		};
/* End PBXFrameworksBuildPhase section */

/* Begin PBXGroup section */
		766F8DC22BB3CAD4007D3190 /* Firestore */ = {
			isa = PBXGroup;
			children = (
				766F8DC32BB3D2C6007D3190 /* UserManager.swift */,
			);
			path = Firestore;
			sourceTree = "<group>";
		};
		EF0C136A2BAFE17500B1CF8A /* Recovered References */ = {
			isa = PBXGroup;
			children = (
			);
			name = "Recovered References";
			sourceTree = "<group>";
		};
		EF0C13832BAFE2A000B1CF8A /* view */ = {
			isa = PBXGroup;
			children = (
				768302CC2BB3117C007AA2AC /* SplashScreenView.swift */,
				EF4B9C6F2BAB27D100559419 /* LoginView.swift */,
				766F8DC52BB487D0007D3190 /* LoginViewModel.swift */,
				EF4B9C702BAB27D100559419 /* SignUpView.swift */,
				766F8DC92BB48C02007D3190 /* SignUpViewModel.swift */,
				EF4B9C6E2BAB27D100559419 /* ContentView.swift */,
				76434C042BB2163500D98643 /* HomeView.swift */,
				76F2B68E2BB34005001110CC /* AddNewPetView.swift */,
				76F08E4C2BB2142F00E6FF0C /* AddNewEventView.swift */,
				76F2B68C2BB33FB0001110CC /* ExpenseView.swift */,
				76D9A2CA2BB2155E00908DE0 /* AddNewExpenseView.swift */,
				768302CA2BB3110B007AA2AC /* SettingsView.swift */,
				76F2B6962BB3AC61001110CC /* ProfileView.swift */,
				76F2B6942BB38D61001110CC /* PasswordView.swift */,
			);
			path = view;
			sourceTree = "<group>";
		};
		EF0C13942BAFE3E400B1CF8A /* model */ = {
			isa = PBXGroup;
			children = (
				EF0C138E2BAFE3E400B1CF8A /* Category.swift */,
				EF0C13922BAFE3E400B1CF8A /* Item.swift */,
				768302C82BB310A9007AA2AC /* Expense.swift */,
			);
			path = model;
			sourceTree = "<group>";
		};
		EF35FBA52BAD2E09006E0A9E /* auth */ = {
			isa = PBXGroup;
			children = (
				EF35FBA62BAD2E21006E0A9E /* AuthenticationManager.swift */,
			);
			path = auth;
			sourceTree = "<group>";
		};
		EF5C03CA2BA882210076CA27 /* utils */ = {
			isa = PBXGroup;
			children = (
				76F2B6922BB34093001110CC /* DateExtensions.swift */,
				76549CE92BB31F3B0094810B /* CategoryView.swift */,
				768302C62BB3102B007AA2AC /* TabView.swift */,
				76549CE72BB31E960094810B /* DateFilterView.swift */,
				76549CE52BB31E450094810B /* ExpenseCardView.swift */,
				766F8DC22BB3CAD4007D3190 /* Firestore */,
				EF35FBA52BAD2E09006E0A9E /* auth */,
			);
			path = utils;
			sourceTree = "<group>";
		};
		EF5C03D42BA9F3F00076CA27 /* Frameworks */ = {
			isa = PBXGroup;
			children = (
			);
			name = Frameworks;
			sourceTree = "<group>";
		};
		EF691BCD2BA49F42001C15AB = {
			isa = PBXGroup;
			children = (
				EF691BD82BA49F42001C15AB /* PetimemApp */,
				EF691BEB2BA49F43001C15AB /* PetimemAppTests */,
				EF691BF52BA49F43001C15AB /* PetimemAppUITests */,
				EF691BD72BA49F42001C15AB /* Products */,
				EF5C03D42BA9F3F00076CA27 /* Frameworks */,
				EF0C136A2BAFE17500B1CF8A /* Recovered References */,
			);
			sourceTree = "<group>";
		};
		EF691BD72BA49F42001C15AB /* Products */ = {
			isa = PBXGroup;
			children = (
				EF691BD62BA49F42001C15AB /* PetimemApp.app */,
				EF691BE82BA49F43001C15AB /* PetimemAppTests.xctest */,
				EF691BF22BA49F43001C15AB /* PetimemAppUITests.xctest */,
			);
			name = Products;
			sourceTree = "<group>";
		};
		EF691BD82BA49F42001C15AB /* PetimemApp */ = {
			isa = PBXGroup;
			children = (
				EF0C13942BAFE3E400B1CF8A /* model */,
				EF0C13832BAFE2A000B1CF8A /* view */,
				EF5C03CB2BA9D8140076CA27 /* GoogleService-Info.plist */,
				EF5C03CA2BA882210076CA27 /* utils */,
				EF691BD92BA49F42001C15AB /* PetimemAppApp.swift */,
				EF691BDF2BA49F43001C15AB /* Assets.xcassets */,
				EF691BE12BA49F43001C15AB /* Preview Content */,
			);
			path = PetimemApp;
			sourceTree = "<group>";
		};
		EF691BE12BA49F43001C15AB /* Preview Content */ = {
			isa = PBXGroup;
			children = (
				EF691BE22BA49F43001C15AB /* Preview Assets.xcassets */,
			);
			path = "Preview Content";
			sourceTree = "<group>";
		};
		EF691BEB2BA49F43001C15AB /* PetimemAppTests */ = {
			isa = PBXGroup;
			children = (
				EF691BEC2BA49F43001C15AB /* PetimemAppTests.swift */,
			);
			path = PetimemAppTests;
			sourceTree = "<group>";
		};
		EF691BF52BA49F43001C15AB /* PetimemAppUITests */ = {
			isa = PBXGroup;
			children = (
				EF691BF62BA49F43001C15AB /* PetimemAppUITests.swift */,
				EF691BF82BA49F43001C15AB /* PetimemAppUITestsLaunchTests.swift */,
			);
			path = PetimemAppUITests;
			sourceTree = "<group>";
		};
/* End PBXGroup section */

/* Begin PBXNativeTarget section */
		EF691BD52BA49F42001C15AB /* PetimemApp */ = {
			isa = PBXNativeTarget;
			buildConfigurationList = EF691BFC2BA49F43001C15AB /* Build configuration list for PBXNativeTarget "PetimemApp" */;
			buildPhases = (
				EF691BD22BA49F42001C15AB /* Sources */,
				EF691BD32BA49F42001C15AB /* Frameworks */,
				EF691BD42BA49F42001C15AB /* Resources */,
			);
			buildRules = (
			);
			dependencies = (
			);
			name = PetimemApp;
			packageProductDependencies = (
				EF5C03D02BA9D9720076CA27 /* FirebaseAnalytics */,
				EF5C03D22BA9D9720076CA27 /* FirebaseAnalyticsSwift */,
				EF5C03D52BA9F3F00076CA27 /* FirebaseAuth */,
				EF43BC2D2BB119F800297A36 /* GoogleSignIn */,
				EF43BC2F2BB119F800297A36 /* GoogleSignInSwift */,
				766F8DBD2BB3BE57007D3190 /* FirebaseFirestore */,
				766F8DBF2BB3BE57007D3190 /* FirebaseFirestoreSwift */,
			);
			productName = PetimemApp;
			productReference = EF691BD62BA49F42001C15AB /* PetimemApp.app */;
			productType = "com.apple.product-type.application";
		};
		EF691BE72BA49F43001C15AB /* PetimemAppTests */ = {
			isa = PBXNativeTarget;
			buildConfigurationList = EF691BFF2BA49F43001C15AB /* Build configuration list for PBXNativeTarget "PetimemAppTests" */;
			buildPhases = (
				EF691BE42BA49F43001C15AB /* Sources */,
				EF691BE52BA49F43001C15AB /* Frameworks */,
				EF691BE62BA49F43001C15AB /* Resources */,
			);
			buildRules = (
			);
			dependencies = (
				EF691BEA2BA49F43001C15AB /* PBXTargetDependency */,
			);
			name = PetimemAppTests;
			productName = PetimemAppTests;
			productReference = EF691BE82BA49F43001C15AB /* PetimemAppTests.xctest */;
			productType = "com.apple.product-type.bundle.unit-test";
		};
		EF691BF12BA49F43001C15AB /* PetimemAppUITests */ = {
			isa = PBXNativeTarget;
			buildConfigurationList = EF691C022BA49F43001C15AB /* Build configuration list for PBXNativeTarget "PetimemAppUITests" */;
			buildPhases = (
				EF691BEE2BA49F43001C15AB /* Sources */,
				EF691BEF2BA49F43001C15AB /* Frameworks */,
				EF691BF02BA49F43001C15AB /* Resources */,
			);
			buildRules = (
			);
			dependencies = (
				EF691BF42BA49F43001C15AB /* PBXTargetDependency */,
			);
			name = PetimemAppUITests;
			productName = PetimemAppUITests;
			productReference = EF691BF22BA49F43001C15AB /* PetimemAppUITests.xctest */;
			productType = "com.apple.product-type.bundle.ui-testing";
		};
/* End PBXNativeTarget section */

/* Begin PBXProject section */
		EF691BCE2BA49F42001C15AB /* Project object */ = {
			isa = PBXProject;
			attributes = {
				BuildIndependentTargetsInParallel = 1;
				LastSwiftUpdateCheck = 1530;
				LastUpgradeCheck = 1530;
				TargetAttributes = {
					EF691BD52BA49F42001C15AB = {
						CreatedOnToolsVersion = 15.3;
					};
					EF691BE72BA49F43001C15AB = {
						CreatedOnToolsVersion = 15.3;
						TestTargetID = EF691BD52BA49F42001C15AB;
					};
					EF691BF12BA49F43001C15AB = {
						CreatedOnToolsVersion = 15.3;
						TestTargetID = EF691BD52BA49F42001C15AB;
					};
				};
			};
			buildConfigurationList = EF691BD12BA49F42001C15AB /* Build configuration list for PBXProject "PetimemApp" */;
			compatibilityVersion = "Xcode 14.0";
			developmentRegion = en;
			hasScannedForEncodings = 0;
			knownRegions = (
				en,
				Base,
			);
			mainGroup = EF691BCD2BA49F42001C15AB;
			packageReferences = (
				EF5C03CF2BA9D9720076CA27 /* XCRemoteSwiftPackageReference "firebase-ios-sdk" */,
				EF43BC2C2BB119C000297A36 /* XCRemoteSwiftPackageReference "GoogleSignIn-iOS" */,
			);
			productRefGroup = EF691BD72BA49F42001C15AB /* Products */;
			projectDirPath = "";
			projectRoot = "";
			targets = (
				EF691BD52BA49F42001C15AB /* PetimemApp */,
				EF691BE72BA49F43001C15AB /* PetimemAppTests */,
				EF691BF12BA49F43001C15AB /* PetimemAppUITests */,
			);
		};
/* End PBXProject section */

/* Begin PBXResourcesBuildPhase section */
		EF691BD42BA49F42001C15AB /* Resources */ = {
			isa = PBXResourcesBuildPhase;
			buildActionMask = 2147483647;
			files = (
				EF691BE32BA49F43001C15AB /* Preview Assets.xcassets in Resources */,
				EF691BE02BA49F43001C15AB /* Assets.xcassets in Resources */,
				EF5C03CC2BA9D8140076CA27 /* GoogleService-Info.plist in Resources */,
			);
			runOnlyForDeploymentPostprocessing = 0;
		};
		EF691BE62BA49F43001C15AB /* Resources */ = {
			isa = PBXResourcesBuildPhase;
			buildActionMask = 2147483647;
			files = (
				EF5C03CD2BA9D8140076CA27 /* GoogleService-Info.plist in Resources */,
			);
			runOnlyForDeploymentPostprocessing = 0;
		};
		EF691BF02BA49F43001C15AB /* Resources */ = {
			isa = PBXResourcesBuildPhase;
			buildActionMask = 2147483647;
			files = (
				EF5C03CE2BA9D8140076CA27 /* GoogleService-Info.plist in Resources */,
			);
			runOnlyForDeploymentPostprocessing = 0;
		};
/* End PBXResourcesBuildPhase section */

/* Begin PBXSourcesBuildPhase section */
		EF691BD22BA49F42001C15AB /* Sources */ = {
			isa = PBXSourcesBuildPhase;
			buildActionMask = 2147483647;
			files = (
				768302CB2BB3110B007AA2AC /* SettingsView.swift in Sources */,
				76F2B6952BB38D61001110CC /* PasswordView.swift in Sources */,
				76549CE62BB31E450094810B /* ExpenseCardView.swift in Sources */,
				768302C92BB310A9007AA2AC /* Expense.swift in Sources */,
				EF0C13992BAFE3E400B1CF8A /* Item.swift in Sources */,
				76549CE82BB31E960094810B /* DateFilterView.swift in Sources */,
				768302C72BB3102B007AA2AC /* TabView.swift in Sources */,
				766F8DC42BB3D2C6007D3190 /* UserManager.swift in Sources */,
				76F2B68D2BB33FB0001110CC /* ExpenseView.swift in Sources */,
				76F08E4D2BB2142F00E6FF0C /* AddNewEventView.swift in Sources */,
				EF35FBA72BAD2E21006E0A9E /* AuthenticationManager.swift in Sources */,
				76D9A2CB2BB2155E00908DE0 /* AddNewExpenseView.swift in Sources */,
				76549CEA2BB31F3B0094810B /* CategoryView.swift in Sources */,
				EF4B9C752BAB27D100559419 /* LoginView.swift in Sources */,
				EF4B9C742BAB27D100559419 /* ContentView.swift in Sources */,
				76F2B6932BB34093001110CC /* DateExtensions.swift in Sources */,
				EF4B9C762BAB27D100559419 /* SignUpView.swift in Sources */,
				76F2B6972BB3AC61001110CC /* ProfileView.swift in Sources */,
				76F2B68F2BB34005001110CC /* AddNewPetView.swift in Sources */,
				768302CD2BB3117C007AA2AC /* SplashScreenView.swift in Sources */,
				766F8DC62BB487D0007D3190 /* LoginViewModel.swift in Sources */,
				EF691BDA2BA49F42001C15AB /* PetimemAppApp.swift in Sources */,
				766F8DCA2BB48C02007D3190 /* SignUpViewModel.swift in Sources */,
				76434C052BB2163500D98643 /* HomeView.swift in Sources */,
				EF0C13952BAFE3E400B1CF8A /* Category.swift in Sources */,
			);
			runOnlyForDeploymentPostprocessing = 0;
		};
		EF691BE42BA49F43001C15AB /* Sources */ = {
			isa = PBXSourcesBuildPhase;
			buildActionMask = 2147483647;
			files = (
				EF691BED2BA49F43001C15AB /* PetimemAppTests.swift in Sources */,
			);
			runOnlyForDeploymentPostprocessing = 0;
		};
		EF691BEE2BA49F43001C15AB /* Sources */ = {
			isa = PBXSourcesBuildPhase;
			buildActionMask = 2147483647;
			files = (
				EF691BF92BA49F43001C15AB /* PetimemAppUITestsLaunchTests.swift in Sources */,
				EF691BF72BA49F43001C15AB /* PetimemAppUITests.swift in Sources */,
			);
			runOnlyForDeploymentPostprocessing = 0;
		};
/* End PBXSourcesBuildPhase section */

/* Begin PBXTargetDependency section */
		EF691BEA2BA49F43001C15AB /* PBXTargetDependency */ = {
			isa = PBXTargetDependency;
			target = EF691BD52BA49F42001C15AB /* PetimemApp */;
			targetProxy = EF691BE92BA49F43001C15AB /* PBXContainerItemProxy */;
		};
		EF691BF42BA49F43001C15AB /* PBXTargetDependency */ = {
			isa = PBXTargetDependency;
			target = EF691BD52BA49F42001C15AB /* PetimemApp */;
			targetProxy = EF691BF32BA49F43001C15AB /* PBXContainerItemProxy */;
		};
/* End PBXTargetDependency section */

/* Begin XCBuildConfiguration section */
		EF691BFA2BA49F43001C15AB /* Debug */ = {
			isa = XCBuildConfiguration;
			buildSettings = {
				ALWAYS_SEARCH_USER_PATHS = NO;
				ASSETCATALOG_COMPILER_GENERATE_SWIFT_ASSET_SYMBOL_EXTENSIONS = YES;
				CLANG_ANALYZER_NONNULL = YES;
				CLANG_ANALYZER_NUMBER_OBJECT_CONVERSION = YES_AGGRESSIVE;
				CLANG_CXX_LANGUAGE_STANDARD = "gnu++20";
				CLANG_ENABLE_MODULES = YES;
				CLANG_ENABLE_OBJC_ARC = YES;
				CLANG_ENABLE_OBJC_WEAK = YES;
				CLANG_WARN_BLOCK_CAPTURE_AUTORELEASING = YES;
				CLANG_WARN_BOOL_CONVERSION = YES;
				CLANG_WARN_COMMA = YES;
				CLANG_WARN_CONSTANT_CONVERSION = YES;
				CLANG_WARN_DEPRECATED_OBJC_IMPLEMENTATIONS = YES;
				CLANG_WARN_DIRECT_OBJC_ISA_USAGE = YES_ERROR;
				CLANG_WARN_DOCUMENTATION_COMMENTS = YES;
				CLANG_WARN_EMPTY_BODY = YES;
				CLANG_WARN_ENUM_CONVERSION = YES;
				CLANG_WARN_INFINITE_RECURSION = YES;
				CLANG_WARN_INT_CONVERSION = YES;
				CLANG_WARN_NON_LITERAL_NULL_CONVERSION = YES;
				CLANG_WARN_OBJC_IMPLICIT_RETAIN_SELF = YES;
				CLANG_WARN_OBJC_LITERAL_CONVERSION = YES;
				CLANG_WARN_OBJC_ROOT_CLASS = YES_ERROR;
				CLANG_WARN_QUOTED_INCLUDE_IN_FRAMEWORK_HEADER = YES;
				CLANG_WARN_RANGE_LOOP_ANALYSIS = YES;
				CLANG_WARN_STRICT_PROTOTYPES = YES;
				CLANG_WARN_SUSPICIOUS_MOVE = YES;
				CLANG_WARN_UNGUARDED_AVAILABILITY = YES_AGGRESSIVE;
				CLANG_WARN_UNREACHABLE_CODE = YES;
				CLANG_WARN__DUPLICATE_METHOD_MATCH = YES;
				COPY_PHASE_STRIP = NO;
				DEBUG_INFORMATION_FORMAT = dwarf;
				ENABLE_STRICT_OBJC_MSGSEND = YES;
				ENABLE_TESTABILITY = YES;
				ENABLE_USER_SCRIPT_SANDBOXING = YES;
				GCC_C_LANGUAGE_STANDARD = gnu17;
				GCC_DYNAMIC_NO_PIC = NO;
				GCC_NO_COMMON_BLOCKS = YES;
				GCC_OPTIMIZATION_LEVEL = 0;
				GCC_PREPROCESSOR_DEFINITIONS = (
					"DEBUG=1",
					"$(inherited)",
				);
				GCC_WARN_64_TO_32_BIT_CONVERSION = YES;
				GCC_WARN_ABOUT_RETURN_TYPE = YES_ERROR;
				GCC_WARN_UNDECLARED_SELECTOR = YES;
				GCC_WARN_UNINITIALIZED_AUTOS = YES_AGGRESSIVE;
				GCC_WARN_UNUSED_FUNCTION = YES;
				GCC_WARN_UNUSED_VARIABLE = YES;
				IPHONEOS_DEPLOYMENT_TARGET = 17.4;
				LOCALIZATION_PREFERS_STRING_CATALOGS = YES;
				MTL_ENABLE_DEBUG_INFO = INCLUDE_SOURCE;
				MTL_FAST_MATH = YES;
				ONLY_ACTIVE_ARCH = YES;
				SDKROOT = iphoneos;
				SWIFT_ACTIVE_COMPILATION_CONDITIONS = "DEBUG $(inherited)";
				SWIFT_OPTIMIZATION_LEVEL = "-Onone";
			};
			name = Debug;
		};
		EF691BFB2BA49F43001C15AB /* Release */ = {
			isa = XCBuildConfiguration;
			buildSettings = {
				ALWAYS_SEARCH_USER_PATHS = NO;
				ASSETCATALOG_COMPILER_GENERATE_SWIFT_ASSET_SYMBOL_EXTENSIONS = YES;
				CLANG_ANALYZER_NONNULL = YES;
				CLANG_ANALYZER_NUMBER_OBJECT_CONVERSION = YES_AGGRESSIVE;
				CLANG_CXX_LANGUAGE_STANDARD = "gnu++20";
				CLANG_ENABLE_MODULES = YES;
				CLANG_ENABLE_OBJC_ARC = YES;
				CLANG_ENABLE_OBJC_WEAK = YES;
				CLANG_WARN_BLOCK_CAPTURE_AUTORELEASING = YES;
				CLANG_WARN_BOOL_CONVERSION = YES;
				CLANG_WARN_COMMA = YES;
				CLANG_WARN_CONSTANT_CONVERSION = YES;
				CLANG_WARN_DEPRECATED_OBJC_IMPLEMENTATIONS = YES;
				CLANG_WARN_DIRECT_OBJC_ISA_USAGE = YES_ERROR;
				CLANG_WARN_DOCUMENTATION_COMMENTS = YES;
				CLANG_WARN_EMPTY_BODY = YES;
				CLANG_WARN_ENUM_CONVERSION = YES;
				CLANG_WARN_INFINITE_RECURSION = YES;
				CLANG_WARN_INT_CONVERSION = YES;
				CLANG_WARN_NON_LITERAL_NULL_CONVERSION = YES;
				CLANG_WARN_OBJC_IMPLICIT_RETAIN_SELF = YES;
				CLANG_WARN_OBJC_LITERAL_CONVERSION = YES;
				CLANG_WARN_OBJC_ROOT_CLASS = YES_ERROR;
				CLANG_WARN_QUOTED_INCLUDE_IN_FRAMEWORK_HEADER = YES;
				CLANG_WARN_RANGE_LOOP_ANALYSIS = YES;
				CLANG_WARN_STRICT_PROTOTYPES = YES;
				CLANG_WARN_SUSPICIOUS_MOVE = YES;
				CLANG_WARN_UNGUARDED_AVAILABILITY = YES_AGGRESSIVE;
				CLANG_WARN_UNREACHABLE_CODE = YES;
				CLANG_WARN__DUPLICATE_METHOD_MATCH = YES;
				COPY_PHASE_STRIP = NO;
				DEBUG_INFORMATION_FORMAT = "dwarf-with-dsym";
				ENABLE_NS_ASSERTIONS = NO;
				ENABLE_STRICT_OBJC_MSGSEND = YES;
				ENABLE_USER_SCRIPT_SANDBOXING = YES;
				GCC_C_LANGUAGE_STANDARD = gnu17;
				GCC_NO_COMMON_BLOCKS = YES;
				GCC_WARN_64_TO_32_BIT_CONVERSION = YES;
				GCC_WARN_ABOUT_RETURN_TYPE = YES_ERROR;
				GCC_WARN_UNDECLARED_SELECTOR = YES;
				GCC_WARN_UNINITIALIZED_AUTOS = YES_AGGRESSIVE;
				GCC_WARN_UNUSED_FUNCTION = YES;
				GCC_WARN_UNUSED_VARIABLE = YES;
				IPHONEOS_DEPLOYMENT_TARGET = 17.4;
				LOCALIZATION_PREFERS_STRING_CATALOGS = YES;
				MTL_ENABLE_DEBUG_INFO = NO;
				MTL_FAST_MATH = YES;
				SDKROOT = iphoneos;
				SWIFT_COMPILATION_MODE = wholemodule;
				VALIDATE_PRODUCT = YES;
			};
			name = Release;
		};
		EF691BFD2BA49F43001C15AB /* Debug */ = {
			isa = XCBuildConfiguration;
			buildSettings = {
				ASSETCATALOG_COMPILER_APPICON_NAME = AppIcon;
				ASSETCATALOG_COMPILER_GLOBAL_ACCENT_COLOR_NAME = AccentColor;
				CODE_SIGN_STYLE = Automatic;
				CURRENT_PROJECT_VERSION = 1;
				DEVELOPMENT_ASSET_PATHS = "\"PetimemApp/Preview Content\"";
				DEVELOPMENT_TEAM = 8479FN9AA6;
				ENABLE_PREVIEWS = YES;
				GENERATE_INFOPLIST_FILE = YES;
				INFOPLIST_KEY_UIApplicationSceneManifest_Generation = YES;
				INFOPLIST_KEY_UIApplicationSupportsIndirectInputEvents = YES;
				INFOPLIST_KEY_UILaunchScreen_Generation = YES;
				INFOPLIST_KEY_UISupportedInterfaceOrientations_iPad = "UIInterfaceOrientationPortrait UIInterfaceOrientationPortraitUpsideDown UIInterfaceOrientationLandscapeLeft UIInterfaceOrientationLandscapeRight";
				INFOPLIST_KEY_UISupportedInterfaceOrientations_iPhone = "UIInterfaceOrientationPortrait UIInterfaceOrientationLandscapeLeft UIInterfaceOrientationLandscapeRight";
				LD_RUNPATH_SEARCH_PATHS = (
					"$(inherited)",
					"@executable_path/Frameworks",
				);
				MARKETING_VERSION = 1.0;
				PRODUCT_BUNDLE_IDENTIFIER = com.petimem.ios.PetimemApp;
				PRODUCT_NAME = "$(TARGET_NAME)";
				SUPPORTED_PLATFORMS = "iphoneos iphonesimulator";
				SUPPORTS_MACCATALYST = NO;
				SUPPORTS_MAC_DESIGNED_FOR_IPHONE_IPAD = NO;
				SUPPORTS_XR_DESIGNED_FOR_IPHONE_IPAD = NO;
				SWIFT_EMIT_LOC_STRINGS = YES;
				SWIFT_VERSION = 5.0;
				TARGETED_DEVICE_FAMILY = 1;
			};
			name = Debug;
		};
		EF691BFE2BA49F43001C15AB /* Release */ = {
			isa = XCBuildConfiguration;
			buildSettings = {
				ASSETCATALOG_COMPILER_APPICON_NAME = AppIcon;
				ASSETCATALOG_COMPILER_GLOBAL_ACCENT_COLOR_NAME = AccentColor;
				CODE_SIGN_STYLE = Automatic;
				CURRENT_PROJECT_VERSION = 1;
				DEVELOPMENT_ASSET_PATHS = "\"PetimemApp/Preview Content\"";
				DEVELOPMENT_TEAM = 8479FN9AA6;
				ENABLE_PREVIEWS = YES;
				GENERATE_INFOPLIST_FILE = YES;
				INFOPLIST_KEY_UIApplicationSceneManifest_Generation = YES;
				INFOPLIST_KEY_UIApplicationSupportsIndirectInputEvents = YES;
				INFOPLIST_KEY_UILaunchScreen_Generation = YES;
				INFOPLIST_KEY_UISupportedInterfaceOrientations_iPad = "UIInterfaceOrientationPortrait UIInterfaceOrientationPortraitUpsideDown UIInterfaceOrientationLandscapeLeft UIInterfaceOrientationLandscapeRight";
				INFOPLIST_KEY_UISupportedInterfaceOrientations_iPhone = "UIInterfaceOrientationPortrait UIInterfaceOrientationLandscapeLeft UIInterfaceOrientationLandscapeRight";
				LD_RUNPATH_SEARCH_PATHS = (
					"$(inherited)",
					"@executable_path/Frameworks",
				);
				MARKETING_VERSION = 1.0;
				PRODUCT_BUNDLE_IDENTIFIER = com.petimem.ios.PetimemApp;
				PRODUCT_NAME = "$(TARGET_NAME)";
				SUPPORTED_PLATFORMS = "iphoneos iphonesimulator";
				SUPPORTS_MACCATALYST = NO;
				SUPPORTS_MAC_DESIGNED_FOR_IPHONE_IPAD = NO;
				SUPPORTS_XR_DESIGNED_FOR_IPHONE_IPAD = NO;
				SWIFT_EMIT_LOC_STRINGS = YES;
				SWIFT_VERSION = 5.0;
				TARGETED_DEVICE_FAMILY = 1;
			};
			name = Release;
		};
		EF691C002BA49F43001C15AB /* Debug */ = {
			isa = XCBuildConfiguration;
			buildSettings = {
				ALWAYS_EMBED_SWIFT_STANDARD_LIBRARIES = YES;
				BUNDLE_LOADER = "$(TEST_HOST)";
				CODE_SIGN_STYLE = Automatic;
				CURRENT_PROJECT_VERSION = 1;
				GENERATE_INFOPLIST_FILE = YES;
				IPHONEOS_DEPLOYMENT_TARGET = 17.4;
				MARKETING_VERSION = 1.0;
				PRODUCT_BUNDLE_IDENTIFIER = com.petimem.ios.PetimemAppTests;
				PRODUCT_NAME = "$(TARGET_NAME)";
				SWIFT_EMIT_LOC_STRINGS = NO;
				SWIFT_VERSION = 5.0;
				TARGETED_DEVICE_FAMILY = "1,2";
				TEST_HOST = "$(BUILT_PRODUCTS_DIR)/PetimemApp.app/$(BUNDLE_EXECUTABLE_FOLDER_PATH)/PetimemApp";
			};
			name = Debug;
		};
		EF691C012BA49F43001C15AB /* Release */ = {
			isa = XCBuildConfiguration;
			buildSettings = {
				ALWAYS_EMBED_SWIFT_STANDARD_LIBRARIES = YES;
				BUNDLE_LOADER = "$(TEST_HOST)";
				CODE_SIGN_STYLE = Automatic;
				CURRENT_PROJECT_VERSION = 1;
				GENERATE_INFOPLIST_FILE = YES;
				IPHONEOS_DEPLOYMENT_TARGET = 17.4;
				MARKETING_VERSION = 1.0;
				PRODUCT_BUNDLE_IDENTIFIER = com.petimem.ios.PetimemAppTests;
				PRODUCT_NAME = "$(TARGET_NAME)";
				SWIFT_EMIT_LOC_STRINGS = NO;
				SWIFT_VERSION = 5.0;
				TARGETED_DEVICE_FAMILY = "1,2";
				TEST_HOST = "$(BUILT_PRODUCTS_DIR)/PetimemApp.app/$(BUNDLE_EXECUTABLE_FOLDER_PATH)/PetimemApp";
			};
			name = Release;
		};
		EF691C032BA49F43001C15AB /* Debug */ = {
			isa = XCBuildConfiguration;
			buildSettings = {
				ALWAYS_EMBED_SWIFT_STANDARD_LIBRARIES = YES;
				CODE_SIGN_STYLE = Automatic;
				CURRENT_PROJECT_VERSION = 1;
				GENERATE_INFOPLIST_FILE = YES;
				MARKETING_VERSION = 1.0;
				PRODUCT_BUNDLE_IDENTIFIER = com.petimem.ios.PetimemAppUITests;
				PRODUCT_NAME = "$(TARGET_NAME)";
				SWIFT_EMIT_LOC_STRINGS = NO;
				SWIFT_VERSION = 5.0;
				TARGETED_DEVICE_FAMILY = "1,2";
				TEST_TARGET_NAME = PetimemApp;
			};
			name = Debug;
		};
		EF691C042BA49F43001C15AB /* Release */ = {
			isa = XCBuildConfiguration;
			buildSettings = {
				ALWAYS_EMBED_SWIFT_STANDARD_LIBRARIES = YES;
				CODE_SIGN_STYLE = Automatic;
				CURRENT_PROJECT_VERSION = 1;
				GENERATE_INFOPLIST_FILE = YES;
				MARKETING_VERSION = 1.0;
				PRODUCT_BUNDLE_IDENTIFIER = com.petimem.ios.PetimemAppUITests;
				PRODUCT_NAME = "$(TARGET_NAME)";
				SWIFT_EMIT_LOC_STRINGS = NO;
				SWIFT_VERSION = 5.0;
				TARGETED_DEVICE_FAMILY = "1,2";
				TEST_TARGET_NAME = PetimemApp;
			};
			name = Release;
		};
/* End XCBuildConfiguration section */

/* Begin XCConfigurationList section */
		EF691BD12BA49F42001C15AB /* Build configuration list for PBXProject "PetimemApp" */ = {
			isa = XCConfigurationList;
			buildConfigurations = (
				EF691BFA2BA49F43001C15AB /* Debug */,
				EF691BFB2BA49F43001C15AB /* Release */,
			);
			defaultConfigurationIsVisible = 0;
			defaultConfigurationName = Release;
		};
		EF691BFC2BA49F43001C15AB /* Build configuration list for PBXNativeTarget "PetimemApp" */ = {
			isa = XCConfigurationList;
			buildConfigurations = (
				EF691BFD2BA49F43001C15AB /* Debug */,
				EF691BFE2BA49F43001C15AB /* Release */,
			);
			defaultConfigurationIsVisible = 0;
			defaultConfigurationName = Release;
		};
		EF691BFF2BA49F43001C15AB /* Build configuration list for PBXNativeTarget "PetimemAppTests" */ = {
			isa = XCConfigurationList;
			buildConfigurations = (
				EF691C002BA49F43001C15AB /* Debug */,
				EF691C012BA49F43001C15AB /* Release */,
			);
			defaultConfigurationIsVisible = 0;
			defaultConfigurationName = Release;
		};
		EF691C022BA49F43001C15AB /* Build configuration list for PBXNativeTarget "PetimemAppUITests" */ = {
			isa = XCConfigurationList;
			buildConfigurations = (
				EF691C032BA49F43001C15AB /* Debug */,
				EF691C042BA49F43001C15AB /* Release */,
			);
			defaultConfigurationIsVisible = 0;
			defaultConfigurationName = Release;
		};
/* End XCConfigurationList section */

/* Begin XCRemoteSwiftPackageReference section */
		EF43BC2C2BB119C000297A36 /* XCRemoteSwiftPackageReference "GoogleSignIn-iOS" */ = {
			isa = XCRemoteSwiftPackageReference;
			repositoryURL = "https://github.com/google/GoogleSignIn-iOS";
			requirement = {
				kind = upToNextMajorVersion;
				minimumVersion = 7.0.0;
			};
		};
		EF5C03CF2BA9D9720076CA27 /* XCRemoteSwiftPackageReference "firebase-ios-sdk" */ = {
			isa = XCRemoteSwiftPackageReference;
			repositoryURL = "https://github.com/firebase/firebase-ios-sdk";
			requirement = {
				kind = upToNextMajorVersion;
				minimumVersion = 10.22.1;
			};
		};
/* End XCRemoteSwiftPackageReference section */

/* Begin XCSwiftPackageProductDependency section */
		766F8DBD2BB3BE57007D3190 /* FirebaseFirestore */ = {
			isa = XCSwiftPackageProductDependency;
			package = EF5C03CF2BA9D9720076CA27 /* XCRemoteSwiftPackageReference "firebase-ios-sdk" */;
			productName = FirebaseFirestore;
		};
		766F8DBF2BB3BE57007D3190 /* FirebaseFirestoreSwift */ = {
			isa = XCSwiftPackageProductDependency;
			package = EF5C03CF2BA9D9720076CA27 /* XCRemoteSwiftPackageReference "firebase-ios-sdk" */;
			productName = FirebaseFirestoreSwift;
		};
		EF43BC2D2BB119F800297A36 /* GoogleSignIn */ = {
			isa = XCSwiftPackageProductDependency;
			package = EF43BC2C2BB119C000297A36 /* XCRemoteSwiftPackageReference "GoogleSignIn-iOS" */;
			productName = GoogleSignIn;
		};
		EF43BC2F2BB119F800297A36 /* GoogleSignInSwift */ = {
			isa = XCSwiftPackageProductDependency;
			package = EF43BC2C2BB119C000297A36 /* XCRemoteSwiftPackageReference "GoogleSignIn-iOS" */;
			productName = GoogleSignInSwift;
		};
		EF5C03D02BA9D9720076CA27 /* FirebaseAnalytics */ = {
			isa = XCSwiftPackageProductDependency;
			package = EF5C03CF2BA9D9720076CA27 /* XCRemoteSwiftPackageReference "firebase-ios-sdk" */;
			productName = FirebaseAnalytics;
		};
		EF5C03D22BA9D9720076CA27 /* FirebaseAnalyticsSwift */ = {
			isa = XCSwiftPackageProductDependency;
			package = EF5C03CF2BA9D9720076CA27 /* XCRemoteSwiftPackageReference "firebase-ios-sdk" */;
			productName = FirebaseAnalyticsSwift;
		};
		EF5C03D52BA9F3F00076CA27 /* FirebaseAuth */ = {
			isa = XCSwiftPackageProductDependency;
			package = EF5C03CF2BA9D9720076CA27 /* XCRemoteSwiftPackageReference "firebase-ios-sdk" */;
			productName = FirebaseAuth;
		};
/* End XCSwiftPackageProductDependency section */
	};
	rootObject = EF691BCE2BA49F42001C15AB /* Project object */;
}
