// !$*UTF8*$!
{
	archiveVersion = 1;
	classes = {
	};
	objectVersion = 56;
	objects = {

/* Begin PBXBuildFile section */
		765DAB962BAB4C7F0009E3DD /* profileViewModel.swift in Sources */ = {isa = PBXBuildFile; fileRef = 765DAB952BAB4C7F0009E3DD /* profileViewModel.swift */; };
		766805742BADD344008C572B /* homeView.swift in Sources */ = {isa = PBXBuildFile; fileRef = 766805732BADD344008C572B /* homeView.swift */; };
		767E58302BAA7AAD0010AE56 /* tabView.swift in Sources */ = {isa = PBXBuildFile; fileRef = 767E582F2BAA7AAD0010AE56 /* tabView.swift */; };
		768CF0302BABE10D00B5EFD1 /* addNewEventView.swift in Sources */ = {isa = PBXBuildFile; fileRef = 768CF02F2BABE10D00B5EFD1 /* addNewEventView.swift */; };
		768CF0322BABE52E00B5EFD1 /* addNewExpenseView.swift in Sources */ = {isa = PBXBuildFile; fileRef = 768CF0312BABE52E00B5EFD1 /* addNewExpenseView.swift */; };
		76AFCF172BADE30300465060 /* expenseView.swift in Sources */ = {isa = PBXBuildFile; fileRef = 76AFCF162BADE30300465060 /* expenseView.swift */; };
		76AFCF1B2BAF491500465060 /* expense.swift in Sources */ = {isa = PBXBuildFile; fileRef = 76AFCF1A2BAF491500465060 /* expense.swift */; };
		76AFCF212BAF4F1700465060 /* Category.swift in Sources */ = {isa = PBXBuildFile; fileRef = 76AFCF202BAF4F1700465060 /* Category.swift */; };
		76AFCF232BAF52FC00465060 /* DateExtensions.swift in Sources */ = {isa = PBXBuildFile; fileRef = 76AFCF222BAF52FC00465060 /* DateExtensions.swift */; };
		76AFCF252BAF82A400465060 /* expenseCardView.swift in Sources */ = {isa = PBXBuildFile; fileRef = 76AFCF242BAF82A400465060 /* expenseCardView.swift */; };
		76EFD0F32BA9CC15001AF124 /* addNewPetView.swift in Sources */ = {isa = PBXBuildFile; fileRef = 76EFD0F22BA9CC15001AF124 /* addNewPetView.swift */; };
		EF4B9C732BAB27D100559419 /* Item.swift in Sources */ = {isa = PBXBuildFile; fileRef = EF4B9C6C2BAB27D100559419 /* Item.swift */; };
		EF4B9C742BAB27D100559419 /* ContentView.swift in Sources */ = {isa = PBXBuildFile; fileRef = EF4B9C6E2BAB27D100559419 /* ContentView.swift */; };
		EF4B9C752BAB27D100559419 /* loginView.swift in Sources */ = {isa = PBXBuildFile; fileRef = EF4B9C6F2BAB27D100559419 /* loginView.swift */; };
		EF4B9C762BAB27D100559419 /* signUpView.swift in Sources */ = {isa = PBXBuildFile; fileRef = EF4B9C702BAB27D100559419 /* signUpView.swift */; };
		EF4B9C772BAB27D100559419 /* splashScreenView.swift in Sources */ = {isa = PBXBuildFile; fileRef = EF4B9C712BAB27D100559419 /* splashScreenView.swift */; };
		EF5C03CC2BA9D8140076CA27 /* GoogleService-Info.plist in Resources */ = {isa = PBXBuildFile; fileRef = EF5C03CB2BA9D8140076CA27 /* GoogleService-Info.plist */; };
		EF5C03CD2BA9D8140076CA27 /* GoogleService-Info.plist in Resources */ = {isa = PBXBuildFile; fileRef = EF5C03CB2BA9D8140076CA27 /* GoogleService-Info.plist */; };
		EF5C03CE2BA9D8140076CA27 /* GoogleService-Info.plist in Resources */ = {isa = PBXBuildFile; fileRef = EF5C03CB2BA9D8140076CA27 /* GoogleService-Info.plist */; };
		EF5C03D12BA9D9720076CA27 /* FirebaseAnalytics in Frameworks */ = {isa = PBXBuildFile; productRef = EF5C03D02BA9D9720076CA27 /* FirebaseAnalytics */; };
		EF5C03D32BA9D9720076CA27 /* FirebaseAnalyticsSwift in Frameworks */ = {isa = PBXBuildFile; productRef = EF5C03D22BA9D9720076CA27 /* FirebaseAnalyticsSwift */; };
		EF5C03D62BA9F3F00076CA27 /* FirebaseAuth in Frameworks */ = {isa = PBXBuildFile; productRef = EF5C03D52BA9F3F00076CA27 /* FirebaseAuth */; };
		EF691BDA2BA49F42001C15AB /* PetimemAppApp.swift in Sources */ = {isa = PBXBuildFile; fileRef = EF691BD92BA49F42001C15AB /* PetimemAppApp.swift */; };
		EF691BE02BA49F43001C15AB /* Assets.xcassets in Resources */ = {isa = PBXBuildFile; fileRef = EF691BDF2BA49F43001C15AB /* Assets.xcassets */; };
		EF691BE32BA49F43001C15AB /* Preview Assets.xcassets in Resources */ = {isa = PBXBuildFile; fileRef = EF691BE22BA49F43001C15AB /* Preview Assets.xcassets */; };
		EF691BED2BA49F43001C15AB /* PetimemAppTests.swift in Sources */ = {isa = PBXBuildFile; fileRef = EF691BEC2BA49F43001C15AB /* PetimemAppTests.swift */; };
		EF691BF72BA49F43001C15AB /* PetimemAppUITests.swift in Sources */ = {isa = PBXBuildFile; fileRef = EF691BF62BA49F43001C15AB /* PetimemAppUITests.swift */; };
		EF691BF92BA49F43001C15AB /* PetimemAppUITestsLaunchTests.swift in Sources */ = {isa = PBXBuildFile; fileRef = EF691BF82BA49F43001C15AB /* PetimemAppUITestsLaunchTests.swift */; };
/* End PBXBuildFile section */

/* Begin PBXContainerItemProxy section */
		EF691BE92BA49F43001C15AB /* PBXContainerItemProxy */ = {
			isa = PBXContainerItemProxy;
			containerPortal = EF691BCE2BA49F42001C15AB /* Project object */;
			proxyType = 1;
			remoteGlobalIDString = EF691BD52BA49F42001C15AB;
			remoteInfo = PetimemApp;
		};
		EF691BF32BA49F43001C15AB /* PBXContainerItemProxy */ = {
			isa = PBXContainerItemProxy;
			containerPortal = EF691BCE2BA49F42001C15AB /* Project object */;
			proxyType = 1;
			remoteGlobalIDString = EF691BD52BA49F42001C15AB;
			remoteInfo = PetimemApp;
		};
/* End PBXContainerItemProxy section */

/* Begin PBXFileReference section */
		765DAB952BAB4C7F0009E3DD /* profileViewModel.swift */ = {isa = PBXFileReference; lastKnownFileType = sourcecode.swift; path = profileViewModel.swift; sourceTree = "<group>"; };
		766805732BADD344008C572B /* homeView.swift */ = {isa = PBXFileReference; lastKnownFileType = sourcecode.swift; path = homeView.swift; sourceTree = "<group>"; };
		767E582F2BAA7AAD0010AE56 /* tabView.swift */ = {isa = PBXFileReference; lastKnownFileType = sourcecode.swift; path = tabView.swift; sourceTree = "<group>"; };
		768CF02F2BABE10D00B5EFD1 /* addNewEventView.swift */ = {isa = PBXFileReference; lastKnownFileType = sourcecode.swift; path = addNewEventView.swift; sourceTree = "<group>"; };
		768CF0312BABE52E00B5EFD1 /* addNewExpenseView.swift */ = {isa = PBXFileReference; lastKnownFileType = sourcecode.swift; path = addNewExpenseView.swift; sourceTree = "<group>"; };
		76AFCF162BADE30300465060 /* expenseView.swift */ = {isa = PBXFileReference; lastKnownFileType = sourcecode.swift; path = expenseView.swift; sourceTree = "<group>"; };
		76AFCF1A2BAF491500465060 /* expense.swift */ = {isa = PBXFileReference; lastKnownFileType = sourcecode.swift; path = expense.swift; sourceTree = "<group>"; };
		76AFCF202BAF4F1700465060 /* Category.swift */ = {isa = PBXFileReference; lastKnownFileType = sourcecode.swift; path = Category.swift; sourceTree = "<group>"; };
		76AFCF222BAF52FC00465060 /* DateExtensions.swift */ = {isa = PBXFileReference; lastKnownFileType = sourcecode.swift; name = DateExtensions.swift; path = PetimemApp/model/DateExtensions.swift; sourceTree = SOURCE_ROOT; };
		76AFCF242BAF82A400465060 /* expenseCardView.swift */ = {isa = PBXFileReference; lastKnownFileType = sourcecode.swift; path = expenseCardView.swift; sourceTree = "<group>"; };
		76EFD0F22BA9CC15001AF124 /* addNewPetView.swift */ = {isa = PBXFileReference; lastKnownFileType = sourcecode.swift; path = addNewPetView.swift; sourceTree = "<group>"; };
		EF4B9C6C2BAB27D100559419 /* Item.swift */ = {isa = PBXFileReference; fileEncoding = 4; lastKnownFileType = sourcecode.swift; path = Item.swift; sourceTree = "<group>"; };
		EF4B9C6E2BAB27D100559419 /* ContentView.swift */ = {isa = PBXFileReference; fileEncoding = 4; lastKnownFileType = sourcecode.swift; path = ContentView.swift; sourceTree = "<group>"; };
		EF4B9C6F2BAB27D100559419 /* loginView.swift */ = {isa = PBXFileReference; fileEncoding = 4; lastKnownFileType = sourcecode.swift; path = loginView.swift; sourceTree = "<group>"; };
		EF4B9C702BAB27D100559419 /* signUpView.swift */ = {isa = PBXFileReference; fileEncoding = 4; lastKnownFileType = sourcecode.swift; path = signUpView.swift; sourceTree = "<group>"; };
		EF4B9C712BAB27D100559419 /* splashScreenView.swift */ = {isa = PBXFileReference; fileEncoding = 4; lastKnownFileType = sourcecode.swift; path = splashScreenView.swift; sourceTree = "<group>"; };
		EF5C03CB2BA9D8140076CA27 /* GoogleService-Info.plist */ = {isa = PBXFileReference; fileEncoding = 4; lastKnownFileType = text.plist.xml; path = "GoogleService-Info.plist"; sourceTree = "<group>"; };
		EF691BD62BA49F42001C15AB /* PetimemApp.app */ = {isa = PBXFileReference; explicitFileType = wrapper.application; includeInIndex = 0; path = PetimemApp.app; sourceTree = BUILT_PRODUCTS_DIR; };
		EF691BD92BA49F42001C15AB /* PetimemAppApp.swift */ = {isa = PBXFileReference; lastKnownFileType = sourcecode.swift; path = PetimemAppApp.swift; sourceTree = "<group>"; };
		EF691BDF2BA49F43001C15AB /* Assets.xcassets */ = {isa = PBXFileReference; lastKnownFileType = folder.assetcatalog; path = Assets.xcassets; sourceTree = "<group>"; };
		EF691BE22BA49F43001C15AB /* Preview Assets.xcassets */ = {isa = PBXFileReference; lastKnownFileType = folder.assetcatalog; path = "Preview Assets.xcassets"; sourceTree = "<group>"; };
		EF691BE82BA49F43001C15AB /* PetimemAppTests.xctest */ = {isa = PBXFileReference; explicitFileType = wrapper.cfbundle; includeInIndex = 0; path = PetimemAppTests.xctest; sourceTree = BUILT_PRODUCTS_DIR; };
		EF691BEC2BA49F43001C15AB /* PetimemAppTests.swift */ = {isa = PBXFileReference; lastKnownFileType = sourcecode.swift; path = PetimemAppTests.swift; sourceTree = "<group>"; };
		EF691BF22BA49F43001C15AB /* PetimemAppUITests.xctest */ = {isa = PBXFileReference; explicitFileType = wrapper.cfbundle; includeInIndex = 0; path = PetimemAppUITests.xctest; sourceTree = BUILT_PRODUCTS_DIR; };
		EF691BF62BA49F43001C15AB /* PetimemAppUITests.swift */ = {isa = PBXFileReference; lastKnownFileType = sourcecode.swift; path = PetimemAppUITests.swift; sourceTree = "<group>"; };
		EF691BF82BA49F43001C15AB /* PetimemAppUITestsLaunchTests.swift */ = {isa = PBXFileReference; lastKnownFileType = sourcecode.swift; path = PetimemAppUITestsLaunchTests.swift; sourceTree = "<group>"; };
/* End PBXFileReference section */

/* Begin PBXFrameworksBuildPhase section */
		EF691BD32BA49F42001C15AB /* Frameworks */ = {
			isa = PBXFrameworksBuildPhase;
			buildActionMask = 2147483647;
			files = (
				EF5C03D32BA9D9720076CA27 /* FirebaseAnalyticsSwift in Frameworks */,
				EF5C03D62BA9F3F00076CA27 /* FirebaseAuth in Frameworks */,
				EF5C03D12BA9D9720076CA27 /* FirebaseAnalytics in Frameworks */,
			);
			runOnlyForDeploymentPostprocessing = 0;
		};
		EF691BE52BA49F43001C15AB /* Frameworks */ = {
			isa = PBXFrameworksBuildPhase;
			buildActionMask = 2147483647;
			files = (
			);
			runOnlyForDeploymentPostprocessing = 0;
		};
		EF691BEF2BA49F43001C15AB /* Frameworks */ = {
			isa = PBXFrameworksBuildPhase;
			buildActionMask = 2147483647;
			files = (
			);
			runOnlyForDeploymentPostprocessing = 0;
		};
/* End PBXFrameworksBuildPhase section */

/* Begin PBXGroup section */
		EF4B9C6D2BAB27D100559419 /* model */ = {
			isa = PBXGroup;
			children = (
				EF4B9C6C2BAB27D100559419 /* Item.swift */,
				765DAB952BAB4C7F0009E3DD /* profileViewModel.swift */,
				76AFCF1A2BAF491500465060 /* expense.swift */,
				76AFCF202BAF4F1700465060 /* Category.swift */,
				76AFCF242BAF82A400465060 /* expenseCardView.swift */,
			);
			path = model;
			sourceTree = "<group>";
		};
		EF4B9C722BAB27D100559419 /* view */ = {
			isa = PBXGroup;
			children = (
				EF4B9C6E2BAB27D100559419 /* ContentView.swift */,
				766805732BADD344008C572B /* homeView.swift */,
				EF4B9C6F2BAB27D100559419 /* loginView.swift */,
				EF4B9C702BAB27D100559419 /* signUpView.swift */,
				EF4B9C712BAB27D100559419 /* splashScreenView.swift */,
				76EFD0F22BA9CC15001AF124 /* addNewPetView.swift */,
				768CF0312BABE52E00B5EFD1 /* addNewExpenseView.swift */,
				76AFCF162BADE30300465060 /* expenseView.swift */,
				768CF02F2BABE10D00B5EFD1 /* addNewEventView.swift */,
			);
			path = view;
			sourceTree = "<group>";
		};
		EF5C03CA2BA882210076CA27 /* utils */ = {
			isa = PBXGroup;
			children = (
				76AFCF222BAF52FC00465060 /* DateExtensions.swift */,
			);
			path = utils;
			sourceTree = "<group>";
		};
		EF5C03D42BA9F3F00076CA27 /* Frameworks */ = {
			isa = PBXGroup;
			children = (
			);
			name = Frameworks;
			sourceTree = "<group>";
		};
		EF691BCD2BA49F42001C15AB = {
			isa = PBXGroup;
			children = (
				EF691BD82BA49F42001C15AB /* PetimemApp */,
				EF691BEB2BA49F43001C15AB /* PetimemAppTests */,
				EF691BF52BA49F43001C15AB /* PetimemAppUITests */,
				EF691BD72BA49F42001C15AB /* Products */,
				EF5C03D42BA9F3F00076CA27 /* Frameworks */,
			);
			sourceTree = "<group>";
		};
		EF691BD72BA49F42001C15AB /* Products */ = {
			isa = PBXGroup;
			children = (
				EF691BD62BA49F42001C15AB /* PetimemApp.app */,
				EF691BE82BA49F43001C15AB /* PetimemAppTests.xctest */,
				EF691BF22BA49F43001C15AB /* PetimemAppUITests.xctest */,
			);
			name = Products;
			sourceTree = "<group>";
		};
		EF691BD82BA49F42001C15AB /* PetimemApp */ = {
			isa = PBXGroup;
			children = (
				EF4B9C6D2BAB27D100559419 /* model */,
				EF4B9C722BAB27D100559419 /* view */,
				EF5C03CB2BA9D8140076CA27 /* GoogleService-Info.plist */,
				EF5C03CA2BA882210076CA27 /* utils */,
				EF691BD92BA49F42001C15AB /* PetimemAppApp.swift */,
				EF691BDF2BA49F43001C15AB /* Assets.xcassets */,
				767E582F2BAA7AAD0010AE56 /* tabView.swift */,
				EF691BE12BA49F43001C15AB /* Preview Content */,
			);
			path = PetimemApp;
			sourceTree = "<group>";
		};
		EF691BE12BA49F43001C15AB /* Preview Content */ = {
			isa = PBXGroup;
			children = (
				EF691BE22BA49F43001C15AB /* Preview Assets.xcassets */,
			);
			path = "Preview Content";
			sourceTree = "<group>";
		};
		EF691BEB2BA49F43001C15AB /* PetimemAppTests */ = {
			isa = PBXGroup;
			children = (
				EF691BEC2BA49F43001C15AB /* PetimemAppTests.swift */,
			);
			path = PetimemAppTests;
			sourceTree = "<group>";
		};
		EF691BF52BA49F43001C15AB /* PetimemAppUITests */ = {
			isa = PBXGroup;
			children = (
				EF691BF62BA49F43001C15AB /* PetimemAppUITests.swift */,
				EF691BF82BA49F43001C15AB /* PetimemAppUITestsLaunchTests.swift */,
			);
			path = PetimemAppUITests;
			sourceTree = "<group>";
		};
/* End PBXGroup section */

/* Begin PBXNativeTarget section */
		EF691BD52BA49F42001C15AB /* PetimemApp */ = {
			isa = PBXNativeTarget;
			buildConfigurationList = EF691BFC2BA49F43001C15AB /* Build configuration list for PBXNativeTarget "PetimemApp" */;
			buildPhases = (
				EF691BD22BA49F42001C15AB /* Sources */,
				EF691BD32BA49F42001C15AB /* Frameworks */,
				EF691BD42BA49F42001C15AB /* Resources */,
			);
			buildRules = (
			);
			dependencies = (
			);
			name = PetimemApp;
			packageProductDependencies = (
				EF5C03D02BA9D9720076CA27 /* FirebaseAnalytics */,
				EF5C03D22BA9D9720076CA27 /* FirebaseAnalyticsSwift */,
				EF5C03D52BA9F3F00076CA27 /* FirebaseAuth */,
			);
			productName = PetimemApp;
			productReference = EF691BD62BA49F42001C15AB /* PetimemApp.app */;
			productType = "com.apple.product-type.application";
		};
		EF691BE72BA49F43001C15AB /* PetimemAppTests */ = {
			isa = PBXNativeTarget;
			buildConfigurationList = EF691BFF2BA49F43001C15AB /* Build configuration list for PBXNativeTarget "PetimemAppTests" */;
			buildPhases = (
				EF691BE42BA49F43001C15AB /* Sources */,
				EF691BE52BA49F43001C15AB /* Frameworks */,
				EF691BE62BA49F43001C15AB /* Resources */,
			);
			buildRules = (
			);
			dependencies = (
				EF691BEA2BA49F43001C15AB /* PBXTargetDependency */,
			);
			name = PetimemAppTests;
			productName = PetimemAppTests;
			productReference = EF691BE82BA49F43001C15AB /* PetimemAppTests.xctest */;
			productType = "com.apple.product-type.bundle.unit-test";
		};
		EF691BF12BA49F43001C15AB /* PetimemAppUITests */ = {
			isa = PBXNativeTarget;
			buildConfigurationList = EF691C022BA49F43001C15AB /* Build configuration list for PBXNativeTarget "PetimemAppUITests" */;
			buildPhases = (
				EF691BEE2BA49F43001C15AB /* Sources */,
				EF691BEF2BA49F43001C15AB /* Frameworks */,
				EF691BF02BA49F43001C15AB /* Resources */,
			);
			buildRules = (
			);
			dependencies = (
				EF691BF42BA49F43001C15AB /* PBXTargetDependency */,
			);
			name = PetimemAppUITests;
			productName = PetimemAppUITests;
			productReference = EF691BF22BA49F43001C15AB /* PetimemAppUITests.xctest */;
			productType = "com.apple.product-type.bundle.ui-testing";
		};
/* End PBXNativeTarget section */

/* Begin PBXProject section */
		EF691BCE2BA49F42001C15AB /* Project object */ = {
			isa = PBXProject;
			attributes = {
				BuildIndependentTargetsInParallel = 1;
				LastSwiftUpdateCheck = 1530;
				LastUpgradeCheck = 1530;
				TargetAttributes = {
					EF691BD52BA49F42001C15AB = {
						CreatedOnToolsVersion = 15.3;
					};
					EF691BE72BA49F43001C15AB = {
						CreatedOnToolsVersion = 15.3;
						TestTargetID = EF691BD52BA49F42001C15AB;
					};
					EF691BF12BA49F43001C15AB = {
						CreatedOnToolsVersion = 15.3;
						TestTargetID = EF691BD52BA49F42001C15AB;
					};
				};
			};
			buildConfigurationList = EF691BD12BA49F42001C15AB /* Build configuration list for PBXProject "PetimemApp" */;
			compatibilityVersion = "Xcode 14.0";
			developmentRegion = en;
			hasScannedForEncodings = 0;
			knownRegions = (
				en,
				Base,
			);
			mainGroup = EF691BCD2BA49F42001C15AB;
			packageReferences = (
				EF5C03CF2BA9D9720076CA27 /* XCRemoteSwiftPackageReference "firebase-ios-sdk" */,
			);
			productRefGroup = EF691BD72BA49F42001C15AB /* Products */;
			projectDirPath = "";
			projectRoot = "";
			targets = (
				EF691BD52BA49F42001C15AB /* PetimemApp */,
				EF691BE72BA49F43001C15AB /* PetimemAppTests */,
				EF691BF12BA49F43001C15AB /* PetimemAppUITests */,
			);
		};
/* End PBXProject section */

/* Begin PBXResourcesBuildPhase section */
		EF691BD42BA49F42001C15AB /* Resources */ = {
			isa = PBXResourcesBuildPhase;
			buildActionMask = 2147483647;
			files = (
				EF691BE32BA49F43001C15AB /* Preview Assets.xcassets in Resources */,
				EF691BE02BA49F43001C15AB /* Assets.xcassets in Resources */,
				EF5C03CC2BA9D8140076CA27 /* GoogleService-Info.plist in Resources */,
			);
			runOnlyForDeploymentPostprocessing = 0;
		};
		EF691BE62BA49F43001C15AB /* Resources */ = {
			isa = PBXResourcesBuildPhase;
			buildActionMask = 2147483647;
			files = (
				EF5C03CD2BA9D8140076CA27 /* GoogleService-Info.plist in Resources */,
			);
			runOnlyForDeploymentPostprocessing = 0;
		};
		EF691BF02BA49F43001C15AB /* Resources */ = {
			isa = PBXResourcesBuildPhase;
			buildActionMask = 2147483647;
			files = (
				EF5C03CE2BA9D8140076CA27 /* GoogleService-Info.plist in Resources */,
			);
			runOnlyForDeploymentPostprocessing = 0;
		};
/* End PBXResourcesBuildPhase section */

/* Begin PBXSourcesBuildPhase section */
		EF691BD22BA49F42001C15AB /* Sources */ = {
			isa = PBXSourcesBuildPhase;
			buildActionMask = 2147483647;
			files = (
				765DAB962BAB4C7F0009E3DD /* profileViewModel.swift in Sources */,
				76AFCF232BAF52FC00465060 /* DateExtensions.swift in Sources */,
				EF4B9C732BAB27D100559419 /* Item.swift in Sources */,
				EF4B9C772BAB27D100559419 /* splashScreenView.swift in Sources */,
				767E58302BAA7AAD0010AE56 /* tabView.swift in Sources */,
				768CF0322BABE52E00B5EFD1 /* addNewExpenseView.swift in Sources */,
				766805742BADD344008C572B /* homeView.swift in Sources */,
				76AFCF212BAF4F1700465060 /* Category.swift in Sources */,
				76AFCF1B2BAF491500465060 /* expense.swift in Sources */,
				EF4B9C752BAB27D100559419 /* loginView.swift in Sources */,
				EF4B9C742BAB27D100559419 /* ContentView.swift in Sources */,
				EF4B9C762BAB27D100559419 /* signUpView.swift in Sources */,
				76AFCF252BAF82A400465060 /* expenseCardView.swift in Sources */,
				EF691BDA2BA49F42001C15AB /* PetimemAppApp.swift in Sources */,
				768CF0302BABE10D00B5EFD1 /* addNewEventView.swift in Sources */,
				76EFD0F32BA9CC15001AF124 /* addNewPetView.swift in Sources */,
				76AFCF172BADE30300465060 /* expenseView.swift in Sources */,
			);
			runOnlyForDeploymentPostprocessing = 0;
		};
		EF691BE42BA49F43001C15AB /* Sources */ = {
			isa = PBXSourcesBuildPhase;
			buildActionMask = 2147483647;
			files = (
				EF691BED2BA49F43001C15AB /* PetimemAppTests.swift in Sources */,
			);
			runOnlyForDeploymentPostprocessing = 0;
		};
		EF691BEE2BA49F43001C15AB /* Sources */ = {
			isa = PBXSourcesBuildPhase;
			buildActionMask = 2147483647;
			files = (
				EF691BF92BA49F43001C15AB /* PetimemAppUITestsLaunchTests.swift in Sources */,
				EF691BF72BA49F43001C15AB /* PetimemAppUITests.swift in Sources */,
			);
			runOnlyForDeploymentPostprocessing = 0;
		};
/* End PBXSourcesBuildPhase section */

/* Begin PBXTargetDependency section */
		EF691BEA2BA49F43001C15AB /* PBXTargetDependency */ = {
			isa = PBXTargetDependency;
			target = EF691BD52BA49F42001C15AB /* PetimemApp */;
			targetProxy = EF691BE92BA49F43001C15AB /* PBXContainerItemProxy */;
		};
		EF691BF42BA49F43001C15AB /* PBXTargetDependency */ = {
			isa = PBXTargetDependency;
			target = EF691BD52BA49F42001C15AB /* PetimemApp */;
			targetProxy = EF691BF32BA49F43001C15AB /* PBXContainerItemProxy */;
		};
/* End PBXTargetDependency section */

/* Begin XCBuildConfiguration section */
		EF691BFA2BA49F43001C15AB /* Debug */ = {
			isa = XCBuildConfiguration;
			buildSettings = {
				ALWAYS_SEARCH_USER_PATHS = NO;
				ASSETCATALOG_COMPILER_GENERATE_SWIFT_ASSET_SYMBOL_EXTENSIONS = YES;
				CLANG_ANALYZER_NONNULL = YES;
				CLANG_ANALYZER_NUMBER_OBJECT_CONVERSION = YES_AGGRESSIVE;
				CLANG_CXX_LANGUAGE_STANDARD = "gnu++20";
				CLANG_ENABLE_MODULES = YES;
				CLANG_ENABLE_OBJC_ARC = YES;
				CLANG_ENABLE_OBJC_WEAK = YES;
				CLANG_WARN_BLOCK_CAPTURE_AUTORELEASING = YES;
				CLANG_WARN_BOOL_CONVERSION = YES;
				CLANG_WARN_COMMA = YES;
				CLANG_WARN_CONSTANT_CONVERSION = YES;
				CLANG_WARN_DEPRECATED_OBJC_IMPLEMENTATIONS = YES;
				CLANG_WARN_DIRECT_OBJC_ISA_USAGE = YES_ERROR;
				CLANG_WARN_DOCUMENTATION_COMMENTS = YES;
				CLANG_WARN_EMPTY_BODY = YES;
				CLANG_WARN_ENUM_CONVERSION = YES;
				CLANG_WARN_INFINITE_RECURSION = YES;
				CLANG_WARN_INT_CONVERSION = YES;
				CLANG_WARN_NON_LITERAL_NULL_CONVERSION = YES;
				CLANG_WARN_OBJC_IMPLICIT_RETAIN_SELF = YES;
				CLANG_WARN_OBJC_LITERAL_CONVERSION = YES;
				CLANG_WARN_OBJC_ROOT_CLASS = YES_ERROR;
				CLANG_WARN_QUOTED_INCLUDE_IN_FRAMEWORK_HEADER = YES;
				CLANG_WARN_RANGE_LOOP_ANALYSIS = YES;
				CLANG_WARN_STRICT_PROTOTYPES = YES;
				CLANG_WARN_SUSPICIOUS_MOVE = YES;
				CLANG_WARN_UNGUARDED_AVAILABILITY = YES_AGGRESSIVE;
				CLANG_WARN_UNREACHABLE_CODE = YES;
				CLANG_WARN__DUPLICATE_METHOD_MATCH = YES;
				COPY_PHASE_STRIP = NO;
				DEBUG_INFORMATION_FORMAT = dwarf;
				ENABLE_STRICT_OBJC_MSGSEND = YES;
				ENABLE_TESTABILITY = YES;
				ENABLE_USER_SCRIPT_SANDBOXING = YES;
				GCC_C_LANGUAGE_STANDARD = gnu17;
				GCC_DYNAMIC_NO_PIC = NO;
				GCC_NO_COMMON_BLOCKS = YES;
				GCC_OPTIMIZATION_LEVEL = 0;
				GCC_PREPROCESSOR_DEFINITIONS = (
					"DEBUG=1",
					"$(inherited)",
				);
				GCC_WARN_64_TO_32_BIT_CONVERSION = YES;
				GCC_WARN_ABOUT_RETURN_TYPE = YES_ERROR;
				GCC_WARN_UNDECLARED_SELECTOR = YES;
				GCC_WARN_UNINITIALIZED_AUTOS = YES_AGGRESSIVE;
				GCC_WARN_UNUSED_FUNCTION = YES;
				GCC_WARN_UNUSED_VARIABLE = YES;
				IPHONEOS_DEPLOYMENT_TARGET = 17.4;
				LOCALIZATION_PREFERS_STRING_CATALOGS = YES;
				MTL_ENABLE_DEBUG_INFO = INCLUDE_SOURCE;
				MTL_FAST_MATH = YES;
				ONLY_ACTIVE_ARCH = YES;
				SDKROOT = iphoneos;
				SWIFT_ACTIVE_COMPILATION_CONDITIONS = "DEBUG $(inherited)";
				SWIFT_OPTIMIZATION_LEVEL = "-Onone";
			};
			name = Debug;
		};
		EF691BFB2BA49F43001C15AB /* Release */ = {
			isa = XCBuildConfiguration;
			buildSettings = {
				ALWAYS_SEARCH_USER_PATHS = NO;
				ASSETCATALOG_COMPILER_GENERATE_SWIFT_ASSET_SYMBOL_EXTENSIONS = YES;
				CLANG_ANALYZER_NONNULL = YES;
				CLANG_ANALYZER_NUMBER_OBJECT_CONVERSION = YES_AGGRESSIVE;
				CLANG_CXX_LANGUAGE_STANDARD = "gnu++20";
				CLANG_ENABLE_MODULES = YES;
				CLANG_ENABLE_OBJC_ARC = YES;
				CLANG_ENABLE_OBJC_WEAK = YES;
				CLANG_WARN_BLOCK_CAPTURE_AUTORELEASING = YES;
				CLANG_WARN_BOOL_CONVERSION = YES;
				CLANG_WARN_COMMA = YES;
				CLANG_WARN_CONSTANT_CONVERSION = YES;
				CLANG_WARN_DEPRECATED_OBJC_IMPLEMENTATIONS = YES;
				CLANG_WARN_DIRECT_OBJC_ISA_USAGE = YES_ERROR;
				CLANG_WARN_DOCUMENTATION_COMMENTS = YES;
				CLANG_WARN_EMPTY_BODY = YES;
				CLANG_WARN_ENUM_CONVERSION = YES;
				CLANG_WARN_INFINITE_RECURSION = YES;
				CLANG_WARN_INT_CONVERSION = YES;
				CLANG_WARN_NON_LITERAL_NULL_CONVERSION = YES;
				CLANG_WARN_OBJC_IMPLICIT_RETAIN_SELF = YES;
				CLANG_WARN_OBJC_LITERAL_CONVERSION = YES;
				CLANG_WARN_OBJC_ROOT_CLASS = YES_ERROR;
				CLANG_WARN_QUOTED_INCLUDE_IN_FRAMEWORK_HEADER = YES;
				CLANG_WARN_RANGE_LOOP_ANALYSIS = YES;
				CLANG_WARN_STRICT_PROTOTYPES = YES;
				CLANG_WARN_SUSPICIOUS_MOVE = YES;
				CLANG_WARN_UNGUARDED_AVAILABILITY = YES_AGGRESSIVE;
				CLANG_WARN_UNREACHABLE_CODE = YES;
				CLANG_WARN__DUPLICATE_METHOD_MATCH = YES;
				COPY_PHASE_STRIP = NO;
				DEBUG_INFORMATION_FORMAT = "dwarf-with-dsym";
				ENABLE_NS_ASSERTIONS = NO;
				ENABLE_STRICT_OBJC_MSGSEND = YES;
				ENABLE_USER_SCRIPT_SANDBOXING = YES;
				GCC_C_LANGUAGE_STANDARD = gnu17;
				GCC_NO_COMMON_BLOCKS = YES;
				GCC_WARN_64_TO_32_BIT_CONVERSION = YES;
				GCC_WARN_ABOUT_RETURN_TYPE = YES_ERROR;
				GCC_WARN_UNDECLARED_SELECTOR = YES;
				GCC_WARN_UNINITIALIZED_AUTOS = YES_AGGRESSIVE;
				GCC_WARN_UNUSED_FUNCTION = YES;
				GCC_WARN_UNUSED_VARIABLE = YES;
				IPHONEOS_DEPLOYMENT_TARGET = 17.4;
				LOCALIZATION_PREFERS_STRING_CATALOGS = YES;
				MTL_ENABLE_DEBUG_INFO = NO;
				MTL_FAST_MATH = YES;
				SDKROOT = iphoneos;
				SWIFT_COMPILATION_MODE = wholemodule;
				VALIDATE_PRODUCT = YES;
			};
			name = Release;
		};
		EF691BFD2BA49F43001C15AB /* Debug */ = {
			isa = XCBuildConfiguration;
			buildSettings = {
				ASSETCATALOG_COMPILER_APPICON_NAME = AppIcon;
				ASSETCATALOG_COMPILER_GLOBAL_ACCENT_COLOR_NAME = AccentColor;
				CODE_SIGN_STYLE = Automatic;
				CURRENT_PROJECT_VERSION = 1;
				DEVELOPMENT_ASSET_PATHS = "\"PetimemApp/Preview Content\"";
				DEVELOPMENT_TEAM = 8479FN9AA6;
				ENABLE_PREVIEWS = YES;
				GENERATE_INFOPLIST_FILE = YES;
				INFOPLIST_KEY_UIApplicationSceneManifest_Generation = YES;
				INFOPLIST_KEY_UIApplicationSupportsIndirectInputEvents = YES;
				INFOPLIST_KEY_UILaunchScreen_Generation = YES;
				INFOPLIST_KEY_UISupportedInterfaceOrientations_iPad = "UIInterfaceOrientationPortrait UIInterfaceOrientationPortraitUpsideDown UIInterfaceOrientationLandscapeLeft UIInterfaceOrientationLandscapeRight";
				INFOPLIST_KEY_UISupportedInterfaceOrientations_iPhone = "UIInterfaceOrientationPortrait UIInterfaceOrientationLandscapeLeft UIInterfaceOrientationLandscapeRight";
				LD_RUNPATH_SEARCH_PATHS = (
					"$(inherited)",
					"@executable_path/Frameworks",
				);
				MARKETING_VERSION = 1.0;
				PRODUCT_BUNDLE_IDENTIFIER = com.petimem.ios.PetimemApp;
				PRODUCT_NAME = "$(TARGET_NAME)";
				SUPPORTED_PLATFORMS = "iphoneos iphonesimulator";
				SUPPORTS_MACCATALYST = NO;
				SUPPORTS_MAC_DESIGNED_FOR_IPHONE_IPAD = NO;
				SUPPORTS_XR_DESIGNED_FOR_IPHONE_IPAD = NO;
				SWIFT_EMIT_LOC_STRINGS = YES;
				SWIFT_VERSION = 5.0;
				TARGETED_DEVICE_FAMILY = 1;
			};
			name = Debug;
		};
		EF691BFE2BA49F43001C15AB /* Release */ = {
			isa = XCBuildConfiguration;
			buildSettings = {
				ASSETCATALOG_COMPILER_APPICON_NAME = AppIcon;
				ASSETCATALOG_COMPILER_GLOBAL_ACCENT_COLOR_NAME = AccentColor;
				CODE_SIGN_STYLE = Automatic;
				CURRENT_PROJECT_VERSION = 1;
				DEVELOPMENT_ASSET_PATHS = "\"PetimemApp/Preview Content\"";
				DEVELOPMENT_TEAM = 8479FN9AA6;
				ENABLE_PREVIEWS = YES;
				GENERATE_INFOPLIST_FILE = YES;
				INFOPLIST_KEY_UIApplicationSceneManifest_Generation = YES;
				INFOPLIST_KEY_UIApplicationSupportsIndirectInputEvents = YES;
				INFOPLIST_KEY_UILaunchScreen_Generation = YES;
				INFOPLIST_KEY_UISupportedInterfaceOrientations_iPad = "UIInterfaceOrientationPortrait UIInterfaceOrientationPortraitUpsideDown UIInterfaceOrientationLandscapeLeft UIInterfaceOrientationLandscapeRight";
				INFOPLIST_KEY_UISupportedInterfaceOrientations_iPhone = "UIInterfaceOrientationPortrait UIInterfaceOrientationLandscapeLeft UIInterfaceOrientationLandscapeRight";
				LD_RUNPATH_SEARCH_PATHS = (
					"$(inherited)",
					"@executable_path/Frameworks",
				);
				MARKETING_VERSION = 1.0;
				PRODUCT_BUNDLE_IDENTIFIER = com.petimem.ios.PetimemApp;
				PRODUCT_NAME = "$(TARGET_NAME)";
				SUPPORTED_PLATFORMS = "iphoneos iphonesimulator";
				SUPPORTS_MACCATALYST = NO;
				SUPPORTS_MAC_DESIGNED_FOR_IPHONE_IPAD = NO;
				SUPPORTS_XR_DESIGNED_FOR_IPHONE_IPAD = NO;
				SWIFT_EMIT_LOC_STRINGS = YES;
				SWIFT_VERSION = 5.0;
				TARGETED_DEVICE_FAMILY = 1;
			};
			name = Release;
		};
		EF691C002BA49F43001C15AB /* Debug */ = {
			isa = XCBuildConfiguration;
			buildSettings = {
				ALWAYS_EMBED_SWIFT_STANDARD_LIBRARIES = YES;
				BUNDLE_LOADER = "$(TEST_HOST)";
				CODE_SIGN_STYLE = Automatic;
				CURRENT_PROJECT_VERSION = 1;
				GENERATE_INFOPLIST_FILE = YES;
				IPHONEOS_DEPLOYMENT_TARGET = 17.4;
				MARKETING_VERSION = 1.0;
				PRODUCT_BUNDLE_IDENTIFIER = com.petimem.ios.PetimemAppTests;
				PRODUCT_NAME = "$(TARGET_NAME)";
				SWIFT_EMIT_LOC_STRINGS = NO;
				SWIFT_VERSION = 5.0;
				TARGETED_DEVICE_FAMILY = "1,2";
				TEST_HOST = "$(BUILT_PRODUCTS_DIR)/PetimemApp.app/$(BUNDLE_EXECUTABLE_FOLDER_PATH)/PetimemApp";
			};
			name = Debug;
		};
		EF691C012BA49F43001C15AB /* Release */ = {
			isa = XCBuildConfiguration;
			buildSettings = {
				ALWAYS_EMBED_SWIFT_STANDARD_LIBRARIES = YES;
				BUNDLE_LOADER = "$(TEST_HOST)";
				CODE_SIGN_STYLE = Automatic;
				CURRENT_PROJECT_VERSION = 1;
				GENERATE_INFOPLIST_FILE = YES;
				IPHONEOS_DEPLOYMENT_TARGET = 17.4;
				MARKETING_VERSION = 1.0;
				PRODUCT_BUNDLE_IDENTIFIER = com.petimem.ios.PetimemAppTests;
				PRODUCT_NAME = "$(TARGET_NAME)";
				SWIFT_EMIT_LOC_STRINGS = NO;
				SWIFT_VERSION = 5.0;
				TARGETED_DEVICE_FAMILY = "1,2";
				TEST_HOST = "$(BUILT_PRODUCTS_DIR)/PetimemApp.app/$(BUNDLE_EXECUTABLE_FOLDER_PATH)/PetimemApp";
			};
			name = Release;
		};
		EF691C032BA49F43001C15AB /* Debug */ = {
			isa = XCBuildConfiguration;
			buildSettings = {
				ALWAYS_EMBED_SWIFT_STANDARD_LIBRARIES = YES;
				CODE_SIGN_STYLE = Automatic;
				CURRENT_PROJECT_VERSION = 1;
				GENERATE_INFOPLIST_FILE = YES;
				MARKETING_VERSION = 1.0;
				PRODUCT_BUNDLE_IDENTIFIER = com.petimem.ios.PetimemAppUITests;
				PRODUCT_NAME = "$(TARGET_NAME)";
				SWIFT_EMIT_LOC_STRINGS = NO;
				SWIFT_VERSION = 5.0;
				TARGETED_DEVICE_FAMILY = "1,2";
				TEST_TARGET_NAME = PetimemApp;
			};
			name = Debug;
		};
		EF691C042BA49F43001C15AB /* Release */ = {
			isa = XCBuildConfiguration;
			buildSettings = {
				ALWAYS_EMBED_SWIFT_STANDARD_LIBRARIES = YES;
				CODE_SIGN_STYLE = Automatic;
				CURRENT_PROJECT_VERSION = 1;
				GENERATE_INFOPLIST_FILE = YES;
				MARKETING_VERSION = 1.0;
				PRODUCT_BUNDLE_IDENTIFIER = com.petimem.ios.PetimemAppUITests;
				PRODUCT_NAME = "$(TARGET_NAME)";
				SWIFT_EMIT_LOC_STRINGS = NO;
				SWIFT_VERSION = 5.0;
				TARGETED_DEVICE_FAMILY = "1,2";
				TEST_TARGET_NAME = PetimemApp;
			};
			name = Release;
		};
/* End XCBuildConfiguration section */

/* Begin XCConfigurationList section */
		EF691BD12BA49F42001C15AB /* Build configuration list for PBXProject "PetimemApp" */ = {
			isa = XCConfigurationList;
			buildConfigurations = (
				EF691BFA2BA49F43001C15AB /* Debug */,
				EF691BFB2BA49F43001C15AB /* Release */,
			);
			defaultConfigurationIsVisible = 0;
			defaultConfigurationName = Release;
		};
		EF691BFC2BA49F43001C15AB /* Build configuration list for PBXNativeTarget "PetimemApp" */ = {
			isa = XCConfigurationList;
			buildConfigurations = (
				EF691BFD2BA49F43001C15AB /* Debug */,
				EF691BFE2BA49F43001C15AB /* Release */,
			);
			defaultConfigurationIsVisible = 0;
			defaultConfigurationName = Release;
		};
		EF691BFF2BA49F43001C15AB /* Build configuration list for PBXNativeTarget "PetimemAppTests" */ = {
			isa = XCConfigurationList;
			buildConfigurations = (
				EF691C002BA49F43001C15AB /* Debug */,
				EF691C012BA49F43001C15AB /* Release */,
			);
			defaultConfigurationIsVisible = 0;
			defaultConfigurationName = Release;
		};
		EF691C022BA49F43001C15AB /* Build configuration list for PBXNativeTarget "PetimemAppUITests" */ = {
			isa = XCConfigurationList;
			buildConfigurations = (
				EF691C032BA49F43001C15AB /* Debug */,
				EF691C042BA49F43001C15AB /* Release */,
			);
			defaultConfigurationIsVisible = 0;
			defaultConfigurationName = Release;
		};
/* End XCConfigurationList section */

/* Begin XCRemoteSwiftPackageReference section */
		EF5C03CF2BA9D9720076CA27 /* XCRemoteSwiftPackageReference "firebase-ios-sdk" */ = {
			isa = XCRemoteSwiftPackageReference;
			repositoryURL = "https://github.com/firebase/firebase-ios-sdk";
			requirement = {
				kind = upToNextMajorVersion;
				minimumVersion = 10.22.1;
			};
		};
/* End XCRemoteSwiftPackageReference section */

/* Begin XCSwiftPackageProductDependency section */
		EF5C03D02BA9D9720076CA27 /* FirebaseAnalytics */ = {
			isa = XCSwiftPackageProductDependency;
			package = EF5C03CF2BA9D9720076CA27 /* XCRemoteSwiftPackageReference "firebase-ios-sdk" */;
			productName = FirebaseAnalytics;
		};
		EF5C03D22BA9D9720076CA27 /* FirebaseAnalyticsSwift */ = {
			isa = XCSwiftPackageProductDependency;
			package = EF5C03CF2BA9D9720076CA27 /* XCRemoteSwiftPackageReference "firebase-ios-sdk" */;
			productName = FirebaseAnalyticsSwift;
		};
		EF5C03D52BA9F3F00076CA27 /* FirebaseAuth */ = {
			isa = XCSwiftPackageProductDependency;
			package = EF5C03CF2BA9D9720076CA27 /* XCRemoteSwiftPackageReference "firebase-ios-sdk" */;
			productName = FirebaseAuth;
		};
/* End XCSwiftPackageProductDependency section */
	};
	rootObject = EF691BCE2BA49F42001C15AB /* Project object */;
}
